// !$*UTF8*$!
{
	archiveVersion = 1;
	classes = {
	};
	objectVersion = 55;
	objects = {

/* Begin PBXBuildFile section */
		0474D30629BB7645001334DF /* Sepia_petApp.swift in Sources */ = {isa = PBXBuildFile; fileRef = 0474D30529BB7645001334DF /* Sepia_petApp.swift */; };
		0474D30829BB7645001334DF /* ContentView.swift in Sources */ = {isa = PBXBuildFile; fileRef = 0474D30729BB7645001334DF /* ContentView.swift */; };
		0474D30A29BB7647001334DF /* Assets.xcassets in Resources */ = {isa = PBXBuildFile; fileRef = 0474D30929BB7647001334DF /* Assets.xcassets */; };
		0474D30D29BB7647001334DF /* Preview Assets.xcassets in Resources */ = {isa = PBXBuildFile; fileRef = 0474D30C29BB7647001334DF /* Preview Assets.xcassets */; };
		0474D31729BB7647001334DF /* Sepia_petTests.swift in Sources */ = {isa = PBXBuildFile; fileRef = 0474D31629BB7647001334DF /* Sepia_petTests.swift */; };
		0474D32129BB7647001334DF /* Sepia_petUITests.swift in Sources */ = {isa = PBXBuildFile; fileRef = 0474D32029BB7647001334DF /* Sepia_petUITests.swift */; };
		0474D32329BB7647001334DF /* Sepia_petUITestsLaunchTests.swift in Sources */ = {isa = PBXBuildFile; fileRef = 0474D32229BB7647001334DF /* Sepia_petUITestsLaunchTests.swift */; };
		0474D33829BB7E5A001334DF /* config.json in Resources */ = {isa = PBXBuildFile; fileRef = 0474D33629BB7E5A001334DF /* config.json */; };
		0474D33929BB7E5A001334DF /* config.json in Resources */ = {isa = PBXBuildFile; fileRef = 0474D33629BB7E5A001334DF /* config.json */; };
		0474D33A29BB7E5A001334DF /* config.json in Resources */ = {isa = PBXBuildFile; fileRef = 0474D33629BB7E5A001334DF /* config.json */; };
		0474D33B29BB7E5A001334DF /* pets_list.json in Resources */ = {isa = PBXBuildFile; fileRef = 0474D33729BB7E5A001334DF /* pets_list.json */; };
		0474D33C29BB7E5A001334DF /* pets_list.json in Resources */ = {isa = PBXBuildFile; fileRef = 0474D33729BB7E5A001334DF /* pets_list.json */; };
		0474D33D29BB7E5A001334DF /* pets_list.json in Resources */ = {isa = PBXBuildFile; fileRef = 0474D33729BB7E5A001334DF /* pets_list.json */; };
		0474D33F29BB7FAA001334DF /* PetsModel.swift in Sources */ = {isa = PBXBuildFile; fileRef = 0474D33E29BB7FAA001334DF /* PetsModel.swift */; };
		0474D34029BB7FAA001334DF /* PetsModel.swift in Sources */ = {isa = PBXBuildFile; fileRef = 0474D33E29BB7FAA001334DF /* PetsModel.swift */; };
		0474D34129BB7FAA001334DF /* PetsModel.swift in Sources */ = {isa = PBXBuildFile; fileRef = 0474D33E29BB7FAA001334DF /* PetsModel.swift */; };
		0474D34329BB834F001334DF /* PetsViewModel.swift in Sources */ = {isa = PBXBuildFile; fileRef = 0474D34229BB834F001334DF /* PetsViewModel.swift */; };
		0474D34429BB834F001334DF /* PetsViewModel.swift in Sources */ = {isa = PBXBuildFile; fileRef = 0474D34229BB834F001334DF /* PetsViewModel.swift */; };
		0474D34529BB834F001334DF /* PetsViewModel.swift in Sources */ = {isa = PBXBuildFile; fileRef = 0474D34229BB834F001334DF /* PetsViewModel.swift */; };
		0474D34829BB8DEA001334DF /* PetsListView.swift in Sources */ = {isa = PBXBuildFile; fileRef = 0474D34729BB8DEA001334DF /* PetsListView.swift */; };
		0474D34929BB8DEA001334DF /* PetsListView.swift in Sources */ = {isa = PBXBuildFile; fileRef = 0474D34729BB8DEA001334DF /* PetsListView.swift */; };
		0474D34A29BB8DEA001334DF /* PetsListView.swift in Sources */ = {isa = PBXBuildFile; fileRef = 0474D34729BB8DEA001334DF /* PetsListView.swift */; };
		0474D34D29BB8E64001334DF /* SDWebImageSwiftUI in Frameworks */ = {isa = PBXBuildFile; productRef = 0474D34C29BB8E64001334DF /* SDWebImageSwiftUI */; };
		0474D35029BB938E001334DF /* PetImageView.swift in Sources */ = {isa = PBXBuildFile; fileRef = 0474D34F29BB938E001334DF /* PetImageView.swift */; };
		0474D35129BB938E001334DF /* PetImageView.swift in Sources */ = {isa = PBXBuildFile; fileRef = 0474D34F29BB938E001334DF /* PetImageView.swift */; };
		0474D35229BB938E001334DF /* PetImageView.swift in Sources */ = {isa = PBXBuildFile; fileRef = 0474D34F29BB938E001334DF /* PetImageView.swift */; };
		0474D35429BB96D0001334DF /* PetDetailView.swift in Sources */ = {isa = PBXBuildFile; fileRef = 0474D35329BB96D0001334DF /* PetDetailView.swift */; };
		0474D35529BB96D0001334DF /* PetDetailView.swift in Sources */ = {isa = PBXBuildFile; fileRef = 0474D35329BB96D0001334DF /* PetDetailView.swift */; };
		0474D35629BB96D0001334DF /* PetDetailView.swift in Sources */ = {isa = PBXBuildFile; fileRef = 0474D35329BB96D0001334DF /* PetDetailView.swift */; };
		0474D35A29BB992A001334DF /* WebView.swift in Sources */ = {isa = PBXBuildFile; fileRef = 0474D35929BB992A001334DF /* WebView.swift */; };
		0474D35B29BB992A001334DF /* WebView.swift in Sources */ = {isa = PBXBuildFile; fileRef = 0474D35929BB992A001334DF /* WebView.swift */; };
		0474D35C29BB992A001334DF /* WebView.swift in Sources */ = {isa = PBXBuildFile; fileRef = 0474D35929BB992A001334DF /* WebView.swift */; };
		0474D35E29BB9E88001334DF /* SettingConfigModel.swift in Sources */ = {isa = PBXBuildFile; fileRef = 0474D35D29BB9E88001334DF /* SettingConfigModel.swift */; };
		0474D35F29BB9E88001334DF /* SettingConfigModel.swift in Sources */ = {isa = PBXBuildFile; fileRef = 0474D35D29BB9E88001334DF /* SettingConfigModel.swift */; };
		0474D36029BB9E88001334DF /* SettingConfigModel.swift in Sources */ = {isa = PBXBuildFile; fileRef = 0474D35D29BB9E88001334DF /* SettingConfigModel.swift */; };
		0474D36229BBA10C001334DF /* SettingConfigViewModel.swift in Sources */ = {isa = PBXBuildFile; fileRef = 0474D36129BBA10C001334DF /* SettingConfigViewModel.swift */; };
		0474D36329BBA10C001334DF /* SettingConfigViewModel.swift in Sources */ = {isa = PBXBuildFile; fileRef = 0474D36129BBA10C001334DF /* SettingConfigViewModel.swift */; };
		0474D36429BBA10C001334DF /* SettingConfigViewModel.swift in Sources */ = {isa = PBXBuildFile; fileRef = 0474D36129BBA10C001334DF /* SettingConfigViewModel.swift */; };
		0474D36729BBA10C001334DF /* Date+Extension.swift in Sources */ = {isa = PBXBuildFile; fileRef = 0474D36629BBA10C001334DF /* Date+Extension.swift */; };
		0474D36829BBA10C001334DF /* Date+Extension.swift in Sources */ = {isa = PBXBuildFile; fileRef = 0474D36629BBA10C001334DF /* Date+Extension.swift */; };
		0474D36929BBA10C001334DF /* Date+Extension.swift in Sources */ = {isa = PBXBuildFile; fileRef = 0474D36629BBA10C001334DF /* Date+Extension.swift */; };
		0474D36B29BBA10C001334DF /* AlertView.swift in Sources */ = {isa = PBXBuildFile; fileRef = 0474D36A29BBA10C001334DF /* AlertView.swift */; };
		0474D36C29BBA10C001334DF /* AlertView.swift in Sources */ = {isa = PBXBuildFile; fileRef = 0474D36A29BBA10C001334DF /* AlertView.swift */; };
		0474D36D29BBA10C001334DF /* AlertView.swift in Sources */ = {isa = PBXBuildFile; fileRef = 0474D36A29BBA10C001334DF /* AlertView.swift */; };
/* End PBXBuildFile section */

/* Begin PBXContainerItemProxy section */
		0474D31329BB7647001334DF /* PBXContainerItemProxy */ = {
			isa = PBXContainerItemProxy;
			containerPortal = 0474D2FA29BB7645001334DF /* Project object */;
			proxyType = 1;
			remoteGlobalIDString = 0474D30129BB7645001334DF;
			remoteInfo = "Sepia pet";
		};
		0474D31D29BB7647001334DF /* PBXContainerItemProxy */ = {
			isa = PBXContainerItemProxy;
			containerPortal = 0474D2FA29BB7645001334DF /* Project object */;
			proxyType = 1;
			remoteGlobalIDString = 0474D30129BB7645001334DF;
			remoteInfo = "Sepia pet";
		};
/* End PBXContainerItemProxy section */

/* Begin PBXFileReference section */
		0474D30229BB7645001334DF /* Sepia pet.app */ = {isa = PBXFileReference; explicitFileType = wrapper.application; includeInIndex = 0; path = "Sepia pet.app"; sourceTree = BUILT_PRODUCTS_DIR; };
		0474D30529BB7645001334DF /* Sepia_petApp.swift */ = {isa = PBXFileReference; lastKnownFileType = sourcecode.swift; path = Sepia_petApp.swift; sourceTree = "<group>"; };
		0474D30729BB7645001334DF /* ContentView.swift */ = {isa = PBXFileReference; lastKnownFileType = sourcecode.swift; path = ContentView.swift; sourceTree = "<group>"; };
		0474D30929BB7647001334DF /* Assets.xcassets */ = {isa = PBXFileReference; lastKnownFileType = folder.assetcatalog; path = Assets.xcassets; sourceTree = "<group>"; };
		0474D30C29BB7647001334DF /* Preview Assets.xcassets */ = {isa = PBXFileReference; lastKnownFileType = folder.assetcatalog; path = "Preview Assets.xcassets"; sourceTree = "<group>"; };
		0474D31229BB7647001334DF /* Sepia petTests.xctest */ = {isa = PBXFileReference; explicitFileType = wrapper.cfbundle; includeInIndex = 0; path = "Sepia petTests.xctest"; sourceTree = BUILT_PRODUCTS_DIR; };
		0474D31629BB7647001334DF /* Sepia_petTests.swift */ = {isa = PBXFileReference; lastKnownFileType = sourcecode.swift; path = Sepia_petTests.swift; sourceTree = "<group>"; };
		0474D31C29BB7647001334DF /* Sepia petUITests.xctest */ = {isa = PBXFileReference; explicitFileType = wrapper.cfbundle; includeInIndex = 0; path = "Sepia petUITests.xctest"; sourceTree = BUILT_PRODUCTS_DIR; };
		0474D32029BB7647001334DF /* Sepia_petUITests.swift */ = {isa = PBXFileReference; lastKnownFileType = sourcecode.swift; path = Sepia_petUITests.swift; sourceTree = "<group>"; };
		0474D32229BB7647001334DF /* Sepia_petUITestsLaunchTests.swift */ = {isa = PBXFileReference; lastKnownFileType = sourcecode.swift; path = Sepia_petUITestsLaunchTests.swift; sourceTree = "<group>"; };
		0474D33629BB7E5A001334DF /* config.json */ = {isa = PBXFileReference; fileEncoding = 4; lastKnownFileType = text.json; path = config.json; sourceTree = "<group>"; };
		0474D33729BB7E5A001334DF /* pets_list.json */ = {isa = PBXFileReference; fileEncoding = 4; lastKnownFileType = text.json; path = pets_list.json; sourceTree = "<group>"; };
		0474D33E29BB7FAA001334DF /* PetsModel.swift */ = {isa = PBXFileReference; lastKnownFileType = sourcecode.swift; path = PetsModel.swift; sourceTree = "<group>"; };
		0474D34229BB834F001334DF /* PetsViewModel.swift */ = {isa = PBXFileReference; lastKnownFileType = sourcecode.swift; path = PetsViewModel.swift; sourceTree = "<group>"; };
		0474D34729BB8DEA001334DF /* PetsListView.swift */ = {isa = PBXFileReference; lastKnownFileType = sourcecode.swift; path = PetsListView.swift; sourceTree = "<group>"; };
		0474D34F29BB938E001334DF /* PetImageView.swift */ = {isa = PBXFileReference; lastKnownFileType = sourcecode.swift; path = PetImageView.swift; sourceTree = "<group>"; };
		0474D35329BB96D0001334DF /* PetDetailView.swift */ = {isa = PBXFileReference; lastKnownFileType = sourcecode.swift; path = PetDetailView.swift; sourceTree = "<group>"; };
		0474D35929BB992A001334DF /* WebView.swift */ = {isa = PBXFileReference; lastKnownFileType = sourcecode.swift; path = WebView.swift; sourceTree = "<group>"; };
		0474D35D29BB9E88001334DF /* SettingConfigModel.swift */ = {isa = PBXFileReference; lastKnownFileType = sourcecode.swift; path = SettingConfigModel.swift; sourceTree = "<group>"; };
		0474D36129BBA10C001334DF /* SettingConfigViewModel.swift */ = {isa = PBXFileReference; lastKnownFileType = sourcecode.swift; path = SettingConfigViewModel.swift; sourceTree = "<group>"; };
		0474D36629BBA10C001334DF /* Date+Extension.swift */ = {isa = PBXFileReference; lastKnownFileType = sourcecode.swift; path = "Date+Extension.swift"; sourceTree = "<group>"; };
		0474D36A29BBA10C001334DF /* AlertView.swift */ = {isa = PBXFileReference; lastKnownFileType = sourcecode.swift; path = AlertView.swift; sourceTree = "<group>"; };
/* End PBXFileReference section */

/* Begin PBXFrameworksBuildPhase section */
		0474D2FF29BB7645001334DF /* Frameworks */ = {
			isa = PBXFrameworksBuildPhase;
			buildActionMask = 2147483647;
			files = (
				0474D34D29BB8E64001334DF /* SDWebImageSwiftUI in Frameworks */,
			);
			runOnlyForDeploymentPostprocessing = 0;
		};
		0474D30F29BB7647001334DF /* Frameworks */ = {
			isa = PBXFrameworksBuildPhase;
			buildActionMask = 2147483647;
			files = (
			);
			runOnlyForDeploymentPostprocessing = 0;
		};
		0474D31929BB7647001334DF /* Frameworks */ = {
			isa = PBXFrameworksBuildPhase;
			buildActionMask = 2147483647;
			files = (
			);
			runOnlyForDeploymentPostprocessing = 0;
		};
/* End PBXFrameworksBuildPhase section */

/* Begin PBXGroup section */
		0474D2F929BB7645001334DF = {
			isa = PBXGroup;
			children = (
				0474D30429BB7645001334DF /* Sepia pet */,
				0474D31529BB7647001334DF /* Sepia petTests */,
				0474D31F29BB7647001334DF /* Sepia petUITests */,
				0474D30329BB7645001334DF /* Products */,
			);
			sourceTree = "<group>";
		};
		0474D30329BB7645001334DF /* Products */ = {
			isa = PBXGroup;
			children = (
				0474D30229BB7645001334DF /* Sepia pet.app */,
				0474D31229BB7647001334DF /* Sepia petTests.xctest */,
				0474D31C29BB7647001334DF /* Sepia petUITests.xctest */,
			);
			name = Products;
			sourceTree = "<group>";
		};
		0474D30429BB7645001334DF /* Sepia pet */ = {
			isa = PBXGroup;
			children = (
				0474D33229BB7DCD001334DF /* Helpers */,
				0474D33129BB7DC2001334DF /* ViewModel */,
				0474D33029BB7DBC001334DF /* View */,
				0474D32F29BB7DB5001334DF /* Model */,
				0474D30529BB7645001334DF /* Sepia_petApp.swift */,
				0474D30729BB7645001334DF /* ContentView.swift */,
				0474D30929BB7647001334DF /* Assets.xcassets */,
				0474D30B29BB7647001334DF /* Preview Content */,
			);
			path = "Sepia pet";
			sourceTree = "<group>";
		};
		0474D30B29BB7647001334DF /* Preview Content */ = {
			isa = PBXGroup;
			children = (
				0474D30C29BB7647001334DF /* Preview Assets.xcassets */,
			);
			path = "Preview Content";
			sourceTree = "<group>";
		};
		0474D31529BB7647001334DF /* Sepia petTests */ = {
			isa = PBXGroup;
			children = (
				0474D31629BB7647001334DF /* Sepia_petTests.swift */,
			);
			path = "Sepia petTests";
			sourceTree = "<group>";
		};
		0474D31F29BB7647001334DF /* Sepia petUITests */ = {
			isa = PBXGroup;
			children = (
				0474D32029BB7647001334DF /* Sepia_petUITests.swift */,
				0474D32229BB7647001334DF /* Sepia_petUITestsLaunchTests.swift */,
			);
			path = "Sepia petUITests";
			sourceTree = "<group>";
		};
		0474D32F29BB7DB5001334DF /* Model */ = {
			isa = PBXGroup;
			children = (
				0474D33E29BB7FAA001334DF /* PetsModel.swift */,
				0474D35D29BB9E88001334DF /* SettingConfigModel.swift */,
			);
			path = Model;
			sourceTree = "<group>";
		};
		0474D33029BB7DBC001334DF /* View */ = {
			isa = PBXGroup;
			children = (
				0474D35729BB96D6001334DF /* PetDetail */,
				0474D34629BB8DC7001334DF /* PetListView */,
			);
			path = View;
			sourceTree = "<group>";
		};
		0474D33129BB7DC2001334DF /* ViewModel */ = {
			isa = PBXGroup;
			children = (
				0474D34229BB834F001334DF /* PetsViewModel.swift */,
				0474D36129BBA10C001334DF /* SettingConfigViewModel.swift */,
			);
			path = ViewModel;
			sourceTree = "<group>";
		};
		0474D33229BB7DCD001334DF /* Helpers */ = {
			isa = PBXGroup;
			children = (
				0474D36529BBA10C001334DF /* Extensions */,
				0474D35829BB98F7001334DF /* CustomUI's */,
				0474D33329BB7DD4001334DF /* Json */,
			);
			path = Helpers;
			sourceTree = "<group>";
		};
		0474D33329BB7DD4001334DF /* Json */ = {
			isa = PBXGroup;
			children = (
				0474D33629BB7E5A001334DF /* config.json */,
				0474D33729BB7E5A001334DF /* pets_list.json */,
			);
			path = Json;
			sourceTree = "<group>";
		};
		0474D34629BB8DC7001334DF /* PetListView */ = {
			isa = PBXGroup;
			children = (
				0474D34729BB8DEA001334DF /* PetsListView.swift */,
				0474D34F29BB938E001334DF /* PetImageView.swift */,
			);
			path = PetListView;
			sourceTree = "<group>";
		};
		0474D35729BB96D6001334DF /* PetDetail */ = {
			isa = PBXGroup;
			children = (
				0474D35329BB96D0001334DF /* PetDetailView.swift */,
			);
			path = PetDetail;
			sourceTree = "<group>";
		};
		0474D35829BB98F7001334DF /* CustomUI's */ = {
			isa = PBXGroup;
			children = (
				0474D35929BB992A001334DF /* WebView.swift */,
				0474D36A29BBA10C001334DF /* AlertView.swift */,
			);
			path = "CustomUI's";
			sourceTree = "<group>";
		};
		0474D36529BBA10C001334DF /* Extensions */ = {
			isa = PBXGroup;
			children = (
				0474D36629BBA10C001334DF /* Date+Extension.swift */,
			);
			path = Extensions;
			sourceTree = "<group>";
		};
/* End PBXGroup section */

/* Begin PBXNativeTarget section */
		0474D30129BB7645001334DF /* Sepia pet */ = {
			isa = PBXNativeTarget;
			buildConfigurationList = 0474D32629BB7647001334DF /* Build configuration list for PBXNativeTarget "Sepia pet" */;
			buildPhases = (
				0474D2FE29BB7645001334DF /* Sources */,
				0474D2FF29BB7645001334DF /* Frameworks */,
				0474D30029BB7645001334DF /* Resources */,
			);
			buildRules = (
			);
			dependencies = (
			);
			name = "Sepia pet";
			packageProductDependencies = (
				0474D34C29BB8E64001334DF /* SDWebImageSwiftUI */,
			);
			productName = "Sepia pet";
			productReference = 0474D30229BB7645001334DF /* Sepia pet.app */;
			productType = "com.apple.product-type.application";
		};
		0474D31129BB7647001334DF /* Sepia petTests */ = {
			isa = PBXNativeTarget;
			buildConfigurationList = 0474D32929BB7647001334DF /* Build configuration list for PBXNativeTarget "Sepia petTests" */;
			buildPhases = (
				0474D30E29BB7647001334DF /* Sources */,
				0474D30F29BB7647001334DF /* Frameworks */,
				0474D31029BB7647001334DF /* Resources */,
			);
			buildRules = (
			);
			dependencies = (
				0474D31429BB7647001334DF /* PBXTargetDependency */,
			);
			name = "Sepia petTests";
			productName = "Sepia petTests";
			productReference = 0474D31229BB7647001334DF /* Sepia petTests.xctest */;
			productType = "com.apple.product-type.bundle.unit-test";
		};
		0474D31B29BB7647001334DF /* Sepia petUITests */ = {
			isa = PBXNativeTarget;
			buildConfigurationList = 0474D32C29BB7647001334DF /* Build configuration list for PBXNativeTarget "Sepia petUITests" */;
			buildPhases = (
				0474D31829BB7647001334DF /* Sources */,
				0474D31929BB7647001334DF /* Frameworks */,
				0474D31A29BB7647001334DF /* Resources */,
			);
			buildRules = (
			);
			dependencies = (
				0474D31E29BB7647001334DF /* PBXTargetDependency */,
			);
			name = "Sepia petUITests";
			productName = "Sepia petUITests";
			productReference = 0474D31C29BB7647001334DF /* Sepia petUITests.xctest */;
			productType = "com.apple.product-type.bundle.ui-testing";
		};
/* End PBXNativeTarget section */

/* Begin PBXProject section */
		0474D2FA29BB7645001334DF /* Project object */ = {
			isa = PBXProject;
			attributes = {
				BuildIndependentTargetsInParallel = 1;
				LastSwiftUpdateCheck = 1320;
				LastUpgradeCheck = 1320;
				TargetAttributes = {
					0474D30129BB7645001334DF = {
						CreatedOnToolsVersion = 13.2.1;
					};
					0474D31129BB7647001334DF = {
						CreatedOnToolsVersion = 13.2.1;
						TestTargetID = 0474D30129BB7645001334DF;
					};
					0474D31B29BB7647001334DF = {
						CreatedOnToolsVersion = 13.2.1;
						TestTargetID = 0474D30129BB7645001334DF;
					};
				};
			};
			buildConfigurationList = 0474D2FD29BB7645001334DF /* Build configuration list for PBXProject "Sepia pet" */;
			compatibilityVersion = "Xcode 13.0";
			developmentRegion = en;
			hasScannedForEncodings = 0;
			knownRegions = (
				en,
				Base,
			);
			mainGroup = 0474D2F929BB7645001334DF;
			packageReferences = (
				0474D34B29BB8E64001334DF /* XCRemoteSwiftPackageReference "SDWebImageSwiftUI" */,
			);
			productRefGroup = 0474D30329BB7645001334DF /* Products */;
			projectDirPath = "";
			projectRoot = "";
			targets = (
				0474D30129BB7645001334DF /* Sepia pet */,
				0474D31129BB7647001334DF /* Sepia petTests */,
				0474D31B29BB7647001334DF /* Sepia petUITests */,
			);
		};
/* End PBXProject section */

/* Begin PBXResourcesBuildPhase section */
		0474D30029BB7645001334DF /* Resources */ = {
			isa = PBXResourcesBuildPhase;
			buildActionMask = 2147483647;
			files = (
				0474D30D29BB7647001334DF /* Preview Assets.xcassets in Resources */,
				0474D33B29BB7E5A001334DF /* pets_list.json in Resources */,
				0474D30A29BB7647001334DF /* Assets.xcassets in Resources */,
				0474D33829BB7E5A001334DF /* config.json in Resources */,
			);
			runOnlyForDeploymentPostprocessing = 0;
		};
		0474D31029BB7647001334DF /* Resources */ = {
			isa = PBXResourcesBuildPhase;
			buildActionMask = 2147483647;
			files = (
				0474D33929BB7E5A001334DF /* config.json in Resources */,
				0474D33C29BB7E5A001334DF /* pets_list.json in Resources */,
			);
			runOnlyForDeploymentPostprocessing = 0;
		};
		0474D31A29BB7647001334DF /* Resources */ = {
			isa = PBXResourcesBuildPhase;
			buildActionMask = 2147483647;
			files = (
				0474D33A29BB7E5A001334DF /* config.json in Resources */,
				0474D33D29BB7E5A001334DF /* pets_list.json in Resources */,
			);
			runOnlyForDeploymentPostprocessing = 0;
		};
/* End PBXResourcesBuildPhase section */

/* Begin PBXSourcesBuildPhase section */
		0474D2FE29BB7645001334DF /* Sources */ = {
			isa = PBXSourcesBuildPhase;
			buildActionMask = 2147483647;
			files = (
				0474D30829BB7645001334DF /* ContentView.swift in Sources */,
				0474D36729BBA10C001334DF /* Date+Extension.swift in Sources */,
				0474D36229BBA10C001334DF /* SettingConfigViewModel.swift in Sources */,
				0474D35A29BB992A001334DF /* WebView.swift in Sources */,
				0474D35E29BB9E88001334DF /* SettingConfigModel.swift in Sources */,
				0474D36B29BBA10C001334DF /* AlertView.swift in Sources */,
				0474D33F29BB7FAA001334DF /* PetsModel.swift in Sources */,
				0474D34829BB8DEA001334DF /* PetsListView.swift in Sources */,
				0474D35429BB96D0001334DF /* PetDetailView.swift in Sources */,
				0474D34329BB834F001334DF /* PetsViewModel.swift in Sources */,
				0474D35029BB938E001334DF /* PetImageView.swift in Sources */,
				0474D30629BB7645001334DF /* Sepia_petApp.swift in Sources */,
			);
			runOnlyForDeploymentPostprocessing = 0;
		};
		0474D30E29BB7647001334DF /* Sources */ = {
			isa = PBXSourcesBuildPhase;
			buildActionMask = 2147483647;
			files = (
				0474D35F29BB9E88001334DF /* SettingConfigModel.swift in Sources */,
				0474D36329BBA10C001334DF /* SettingConfigViewModel.swift in Sources */,
				0474D34929BB8DEA001334DF /* PetsListView.swift in Sources */,
				0474D36C29BBA10C001334DF /* AlertView.swift in Sources */,
				0474D34429BB834F001334DF /* PetsViewModel.swift in Sources */,
				0474D35129BB938E001334DF /* PetImageView.swift in Sources */,
				0474D36829BBA10C001334DF /* Date+Extension.swift in Sources */,
				0474D35529BB96D0001334DF /* PetDetailView.swift in Sources */,
				0474D31729BB7647001334DF /* Sepia_petTests.swift in Sources */,
				0474D34029BB7FAA001334DF /* PetsModel.swift in Sources */,
				0474D35B29BB992A001334DF /* WebView.swift in Sources */,
			);
			runOnlyForDeploymentPostprocessing = 0;
		};
		0474D31829BB7647001334DF /* Sources */ = {
			isa = PBXSourcesBuildPhase;
			buildActionMask = 2147483647;
			files = (
				0474D32129BB7647001334DF /* Sepia_petUITests.swift in Sources */,
				0474D36929BBA10C001334DF /* Date+Extension.swift in Sources */,
				0474D36429BBA10C001334DF /* SettingConfigViewModel.swift in Sources */,
				0474D35C29BB992A001334DF /* WebView.swift in Sources */,
				0474D36029BB9E88001334DF /* SettingConfigModel.swift in Sources */,
				0474D36D29BBA10C001334DF /* AlertView.swift in Sources */,
				0474D34129BB7FAA001334DF /* PetsModel.swift in Sources */,
				0474D34A29BB8DEA001334DF /* PetsListView.swift in Sources */,
				0474D35629BB96D0001334DF /* PetDetailView.swift in Sources */,
				0474D34529BB834F001334DF /* PetsViewModel.swift in Sources */,
				0474D35229BB938E001334DF /* PetImageView.swift in Sources */,
				0474D32329BB7647001334DF /* Sepia_petUITestsLaunchTests.swift in Sources */,
			);
			runOnlyForDeploymentPostprocessing = 0;
		};
/* End PBXSourcesBuildPhase section */

/* Begin PBXTargetDependency section */
		0474D31429BB7647001334DF /* PBXTargetDependency */ = {
			isa = PBXTargetDependency;
			target = 0474D30129BB7645001334DF /* Sepia pet */;
			targetProxy = 0474D31329BB7647001334DF /* PBXContainerItemProxy */;
		};
		0474D31E29BB7647001334DF /* PBXTargetDependency */ = {
			isa = PBXTargetDependency;
			target = 0474D30129BB7645001334DF /* Sepia pet */;
			targetProxy = 0474D31D29BB7647001334DF /* PBXContainerItemProxy */;
		};
/* End PBXTargetDependency section */

/* Begin XCBuildConfiguration section */
		0474D32429BB7647001334DF /* Debug */ = {
			isa = XCBuildConfiguration;
			buildSettings = {
				ALWAYS_SEARCH_USER_PATHS = NO;
				CLANG_ANALYZER_NONNULL = YES;
				CLANG_ANALYZER_NUMBER_OBJECT_CONVERSION = YES_AGGRESSIVE;
				CLANG_CXX_LANGUAGE_STANDARD = "gnu++17";
				CLANG_CXX_LIBRARY = "libc++";
				CLANG_ENABLE_MODULES = YES;
				CLANG_ENABLE_OBJC_ARC = YES;
				CLANG_ENABLE_OBJC_WEAK = YES;
				CLANG_WARN_BLOCK_CAPTURE_AUTORELEASING = YES;
				CLANG_WARN_BOOL_CONVERSION = YES;
				CLANG_WARN_COMMA = YES;
				CLANG_WARN_CONSTANT_CONVERSION = YES;
				CLANG_WARN_DEPRECATED_OBJC_IMPLEMENTATIONS = YES;
				CLANG_WARN_DIRECT_OBJC_ISA_USAGE = YES_ERROR;
				CLANG_WARN_DOCUMENTATION_COMMENTS = YES;
				CLANG_WARN_EMPTY_BODY = YES;
				CLANG_WARN_ENUM_CONVERSION = YES;
				CLANG_WARN_INFINITE_RECURSION = YES;
				CLANG_WARN_INT_CONVERSION = YES;
				CLANG_WARN_NON_LITERAL_NULL_CONVERSION = YES;
				CLANG_WARN_OBJC_IMPLICIT_RETAIN_SELF = YES;
				CLANG_WARN_OBJC_LITERAL_CONVERSION = YES;
				CLANG_WARN_OBJC_ROOT_CLASS = YES_ERROR;
				CLANG_WARN_QUOTED_INCLUDE_IN_FRAMEWORK_HEADER = YES;
				CLANG_WARN_RANGE_LOOP_ANALYSIS = YES;
				CLANG_WARN_STRICT_PROTOTYPES = YES;
				CLANG_WARN_SUSPICIOUS_MOVE = YES;
				CLANG_WARN_UNGUARDED_AVAILABILITY = YES_AGGRESSIVE;
				CLANG_WARN_UNREACHABLE_CODE = YES;
				CLANG_WARN__DUPLICATE_METHOD_MATCH = YES;
				COPY_PHASE_STRIP = NO;
				DEBUG_INFORMATION_FORMAT = dwarf;
				ENABLE_STRICT_OBJC_MSGSEND = YES;
				ENABLE_TESTABILITY = YES;
				GCC_C_LANGUAGE_STANDARD = gnu11;
				GCC_DYNAMIC_NO_PIC = NO;
				GCC_NO_COMMON_BLOCKS = YES;
				GCC_OPTIMIZATION_LEVEL = 0;
				GCC_PREPROCESSOR_DEFINITIONS = (
					"DEBUG=1",
					"$(inherited)",
				);
				GCC_WARN_64_TO_32_BIT_CONVERSION = YES;
				GCC_WARN_ABOUT_RETURN_TYPE = YES_ERROR;
				GCC_WARN_UNDECLARED_SELECTOR = YES;
				GCC_WARN_UNINITIALIZED_AUTOS = YES_AGGRESSIVE;
				GCC_WARN_UNUSED_FUNCTION = YES;
				GCC_WARN_UNUSED_VARIABLE = YES;
				IPHONEOS_DEPLOYMENT_TARGET = 15.2;
				MTL_ENABLE_DEBUG_INFO = INCLUDE_SOURCE;
				MTL_FAST_MATH = YES;
				ONLY_ACTIVE_ARCH = YES;
				SDKROOT = iphoneos;
				SWIFT_ACTIVE_COMPILATION_CONDITIONS = DEBUG;
				SWIFT_OPTIMIZATION_LEVEL = "-Onone";
			};
			name = Debug;
		};
		0474D32529BB7647001334DF /* Release */ = {
			isa = XCBuildConfiguration;
			buildSettings = {
				ALWAYS_SEARCH_USER_PATHS = NO;
				CLANG_ANALYZER_NONNULL = YES;
				CLANG_ANALYZER_NUMBER_OBJECT_CONVERSION = YES_AGGRESSIVE;
				CLANG_CXX_LANGUAGE_STANDARD = "gnu++17";
				CLANG_CXX_LIBRARY = "libc++";
				CLANG_ENABLE_MODULES = YES;
				CLANG_ENABLE_OBJC_ARC = YES;
				CLANG_ENABLE_OBJC_WEAK = YES;
				CLANG_WARN_BLOCK_CAPTURE_AUTORELEASING = YES;
				CLANG_WARN_BOOL_CONVERSION = YES;
				CLANG_WARN_COMMA = YES;
				CLANG_WARN_CONSTANT_CONVERSION = YES;
				CLANG_WARN_DEPRECATED_OBJC_IMPLEMENTATIONS = YES;
				CLANG_WARN_DIRECT_OBJC_ISA_USAGE = YES_ERROR;
				CLANG_WARN_DOCUMENTATION_COMMENTS = YES;
				CLANG_WARN_EMPTY_BODY = YES;
				CLANG_WARN_ENUM_CONVERSION = YES;
				CLANG_WARN_INFINITE_RECURSION = YES;
				CLANG_WARN_INT_CONVERSION = YES;
				CLANG_WARN_NON_LITERAL_NULL_CONVERSION = YES;
				CLANG_WARN_OBJC_IMPLICIT_RETAIN_SELF = YES;
				CLANG_WARN_OBJC_LITERAL_CONVERSION = YES;
				CLANG_WARN_OBJC_ROOT_CLASS = YES_ERROR;
				CLANG_WARN_QUOTED_INCLUDE_IN_FRAMEWORK_HEADER = YES;
				CLANG_WARN_RANGE_LOOP_ANALYSIS = YES;
				CLANG_WARN_STRICT_PROTOTYPES = YES;
				CLANG_WARN_SUSPICIOUS_MOVE = YES;
				CLANG_WARN_UNGUARDED_AVAILABILITY = YES_AGGRESSIVE;
				CLANG_WARN_UNREACHABLE_CODE = YES;
				CLANG_WARN__DUPLICATE_METHOD_MATCH = YES;
				COPY_PHASE_STRIP = NO;
				DEBUG_INFORMATION_FORMAT = "dwarf-with-dsym";
				ENABLE_NS_ASSERTIONS = NO;
				ENABLE_STRICT_OBJC_MSGSEND = YES;
				GCC_C_LANGUAGE_STANDARD = gnu11;
				GCC_NO_COMMON_BLOCKS = YES;
				GCC_WARN_64_TO_32_BIT_CONVERSION = YES;
				GCC_WARN_ABOUT_RETURN_TYPE = YES_ERROR;
				GCC_WARN_UNDECLARED_SELECTOR = YES;
				GCC_WARN_UNINITIALIZED_AUTOS = YES_AGGRESSIVE;
				GCC_WARN_UNUSED_FUNCTION = YES;
				GCC_WARN_UNUSED_VARIABLE = YES;
				IPHONEOS_DEPLOYMENT_TARGET = 15.2;
				MTL_ENABLE_DEBUG_INFO = NO;
				MTL_FAST_MATH = YES;
				SDKROOT = iphoneos;
				SWIFT_COMPILATION_MODE = wholemodule;
				SWIFT_OPTIMIZATION_LEVEL = "-O";
				VALIDATE_PRODUCT = YES;
			};
			name = Release;
		};
		0474D32729BB7647001334DF /* Debug */ = {
			isa = XCBuildConfiguration;
			buildSettings = {
				ASSETCATALOG_COMPILER_APPICON_NAME = AppIcon;
				ASSETCATALOG_COMPILER_GLOBAL_ACCENT_COLOR_NAME = AccentColor;
				CODE_SIGN_STYLE = Automatic;
				CURRENT_PROJECT_VERSION = 1;
				DEVELOPMENT_ASSET_PATHS = "\"Sepia pet/Preview Content\"";
				ENABLE_PREVIEWS = YES;
				GENERATE_INFOPLIST_FILE = YES;
				INFOPLIST_KEY_UIApplicationSceneManifest_Generation = YES;
				INFOPLIST_KEY_UIApplicationSupportsIndirectInputEvents = YES;
				INFOPLIST_KEY_UILaunchScreen_Generation = YES;
				INFOPLIST_KEY_UISupportedInterfaceOrientations_iPad = "UIInterfaceOrientationPortrait UIInterfaceOrientationPortraitUpsideDown UIInterfaceOrientationLandscapeLeft UIInterfaceOrientationLandscapeRight";
				INFOPLIST_KEY_UISupportedInterfaceOrientations_iPhone = "UIInterfaceOrientationPortrait UIInterfaceOrientationLandscapeLeft UIInterfaceOrientationLandscapeRight";
				LD_RUNPATH_SEARCH_PATHS = (
					"$(inherited)",
					"@executable_path/Frameworks",
				);
				MARKETING_VERSION = 1.0;
				PRODUCT_BUNDLE_IDENTIFIER = "com.Sepia-pet";
				PRODUCT_NAME = "$(TARGET_NAME)";
				SWIFT_EMIT_LOC_STRINGS = YES;
				SWIFT_VERSION = 5.0;
				TARGETED_DEVICE_FAMILY = "1,2";
			};
			name = Debug;
		};
		0474D32829BB7647001334DF /* Release */ = {
			isa = XCBuildConfiguration;
			buildSettings = {
				ASSETCATALOG_COMPILER_APPICON_NAME = AppIcon;
				ASSETCATALOG_COMPILER_GLOBAL_ACCENT_COLOR_NAME = AccentColor;
				CODE_SIGN_STYLE = Automatic;
				CURRENT_PROJECT_VERSION = 1;
				DEVELOPMENT_ASSET_PATHS = "\"Sepia pet/Preview Content\"";
				ENABLE_PREVIEWS = YES;
				GENERATE_INFOPLIST_FILE = YES;
				INFOPLIST_KEY_UIApplicationSceneManifest_Generation = YES;
				INFOPLIST_KEY_UIApplicationSupportsIndirectInputEvents = YES;
				INFOPLIST_KEY_UILaunchScreen_Generation = YES;
				INFOPLIST_KEY_UISupportedInterfaceOrientations_iPad = "UIInterfaceOrientationPortrait UIInterfaceOrientationPortraitUpsideDown UIInterfaceOrientationLandscapeLeft UIInterfaceOrientationLandscapeRight";
				INFOPLIST_KEY_UISupportedInterfaceOrientations_iPhone = "UIInterfaceOrientationPortrait UIInterfaceOrientationLandscapeLeft UIInterfaceOrientationLandscapeRight";
				LD_RUNPATH_SEARCH_PATHS = (
					"$(inherited)",
					"@executable_path/Frameworks",
				);
				MARKETING_VERSION = 1.0;
				PRODUCT_BUNDLE_IDENTIFIER = "com.Sepia-pet";
				PRODUCT_NAME = "$(TARGET_NAME)";
				SWIFT_EMIT_LOC_STRINGS = YES;
				SWIFT_VERSION = 5.0;
				TARGETED_DEVICE_FAMILY = "1,2";
			};
			name = Release;
		};
		0474D32A29BB7647001334DF /* Debug */ = {
			isa = XCBuildConfiguration;
			buildSettings = {
				ALWAYS_EMBED_SWIFT_STANDARD_LIBRARIES = YES;
				BUNDLE_LOADER = "$(TEST_HOST)";
				CODE_SIGN_STYLE = Automatic;
				CURRENT_PROJECT_VERSION = 1;
				GENERATE_INFOPLIST_FILE = YES;
				IPHONEOS_DEPLOYMENT_TARGET = 15.2;
				MARKETING_VERSION = 1.0;
				PRODUCT_BUNDLE_IDENTIFIER = "com.Sepia-petTests";
				PRODUCT_NAME = "$(TARGET_NAME)";
				SWIFT_EMIT_LOC_STRINGS = NO;
				SWIFT_VERSION = 5.0;
				TARGETED_DEVICE_FAMILY = "1,2";
				TEST_HOST = "$(BUILT_PRODUCTS_DIR)/Sepia pet.app/Sepia pet";
			};
			name = Debug;
		};
		0474D32B29BB7647001334DF /* Release */ = {
			isa = XCBuildConfiguration;
			buildSettings = {
				ALWAYS_EMBED_SWIFT_STANDARD_LIBRARIES = YES;
				BUNDLE_LOADER = "$(TEST_HOST)";
				CODE_SIGN_STYLE = Automatic;
				CURRENT_PROJECT_VERSION = 1;
				GENERATE_INFOPLIST_FILE = YES;
				IPHONEOS_DEPLOYMENT_TARGET = 15.2;
				MARKETING_VERSION = 1.0;
				PRODUCT_BUNDLE_IDENTIFIER = "com.Sepia-petTests";
				PRODUCT_NAME = "$(TARGET_NAME)";
				SWIFT_EMIT_LOC_STRINGS = NO;
				SWIFT_VERSION = 5.0;
				TARGETED_DEVICE_FAMILY = "1,2";
				TEST_HOST = "$(BUILT_PRODUCTS_DIR)/Sepia pet.app/Sepia pet";
			};
			name = Release;
		};
		0474D32D29BB7647001334DF /* Debug */ = {
			isa = XCBuildConfiguration;
			buildSettings = {
				ALWAYS_EMBED_SWIFT_STANDARD_LIBRARIES = YES;
				CODE_SIGN_STYLE = Automatic;
				CURRENT_PROJECT_VERSION = 1;
				GENERATE_INFOPLIST_FILE = YES;
				MARKETING_VERSION = 1.0;
				PRODUCT_BUNDLE_IDENTIFIER = "com.Sepia-petUITests";
				PRODUCT_NAME = "$(TARGET_NAME)";
				SWIFT_EMIT_LOC_STRINGS = NO;
				SWIFT_VERSION = 5.0;
				TARGETED_DEVICE_FAMILY = "1,2";
				TEST_TARGET_NAME = "Sepia pet";
			};
			name = Debug;
		};
		0474D32E29BB7647001334DF /* Release */ = {
			isa = XCBuildConfiguration;
			buildSettings = {
				ALWAYS_EMBED_SWIFT_STANDARD_LIBRARIES = YES;
				CODE_SIGN_STYLE = Automatic;
				CURRENT_PROJECT_VERSION = 1;
				GENERATE_INFOPLIST_FILE = YES;
				MARKETING_VERSION = 1.0;
				PRODUCT_BUNDLE_IDENTIFIER = "com.Sepia-petUITests";
				PRODUCT_NAME = "$(TARGET_NAME)";
				SWIFT_EMIT_LOC_STRINGS = NO;
				SWIFT_VERSION = 5.0;
				TARGETED_DEVICE_FAMILY = "1,2";
				TEST_TARGET_NAME = "Sepia pet";
			};
			name = Release;
		};
/* End XCBuildConfiguration section */

/* Begin XCConfigurationList section */
		0474D2FD29BB7645001334DF /* Build configuration list for PBXProject "Sepia pet" */ = {
			isa = XCConfigurationList;
			buildConfigurations = (
				0474D32429BB7647001334DF /* Debug */,
				0474D32529BB7647001334DF /* Release */,
			);
			defaultConfigurationIsVisible = 0;
			defaultConfigurationName = Release;
		};
		0474D32629BB7647001334DF /* Build configuration list for PBXNativeTarget "Sepia pet" */ = {
			isa = XCConfigurationList;
			buildConfigurations = (
				0474D32729BB7647001334DF /* Debug */,
				0474D32829BB7647001334DF /* Release */,
			);
			defaultConfigurationIsVisible = 0;
			defaultConfigurationName = Release;
		};
		0474D32929BB7647001334DF /* Build configuration list for PBXNativeTarget "Sepia petTests" */ = {
			isa = XCConfigurationList;
			buildConfigurations = (
				0474D32A29BB7647001334DF /* Debug */,
				0474D32B29BB7647001334DF /* Release */,
			);
			defaultConfigurationIsVisible = 0;
			defaultConfigurationName = Release;
		};
		0474D32C29BB7647001334DF /* Build configuration list for PBXNativeTarget "Sepia petUITests" */ = {
			isa = XCConfigurationList;
			buildConfigurations = (
				0474D32D29BB7647001334DF /* Debug */,
				0474D32E29BB7647001334DF /* Release */,
			);
			defaultConfigurationIsVisible = 0;
			defaultConfigurationName = Release;
		};
/* End XCConfigurationList section */

/* Begin XCRemoteSwiftPackageReference section */
		0474D34B29BB8E64001334DF /* XCRemoteSwiftPackageReference "SDWebImageSwiftUI" */ = {
			isa = XCRemoteSwiftPackageReference;
			repositoryURL = "https://github.com/SDWebImage/SDWebImageSwiftUI.git";
			requirement = {
				kind = upToNextMajorVersion;
				minimumVersion = 2.0.0;
			};
		};
/* End XCRemoteSwiftPackageReference section */

/* Begin XCSwiftPackageProductDependency section */
		0474D34C29BB8E64001334DF /* SDWebImageSwiftUI */ = {
			isa = XCSwiftPackageProductDependency;
			package = 0474D34B29BB8E64001334DF /* XCRemoteSwiftPackageReference "SDWebImageSwiftUI" */;
			productName = SDWebImageSwiftUI;
		};
/* End XCSwiftPackageProductDependency section */
	};
	rootObject = 0474D2FA29BB7645001334DF /* Project object */;
}
