// !$*UTF8*$!
{
	archiveVersion = 1;
	classes = {
	};
	objectVersion = 55;
	objects = {

/* Begin PBXBuildFile section */
		0474D30629BB7645001334DF /* Sepia_petApp.swift in Sources */ = {isa = PBXBuildFile; fileRef = 0474D30529BB7645001334DF /* Sepia_petApp.swift */; };
		0474D30829BB7645001334DF /* ContentView.swift in Sources */ = {isa = PBXBuildFile; fileRef = 0474D30729BB7645001334DF /* ContentView.swift */; };
		0474D30A29BB7647001334DF /* Assets.xcassets in Resources */ = {isa = PBXBuildFile; fileRef = 0474D30929BB7647001334DF /* Assets.xcassets */; };
		0474D30D29BB7647001334DF /* Preview Assets.xcassets in Resources */ = {isa = PBXBuildFile; fileRef = 0474D30C29BB7647001334DF /* Preview Assets.xcassets */; };
		0474D31729BB7647001334DF /* Sepia_petTests.swift in Sources */ = {isa = PBXBuildFile; fileRef = 0474D31629BB7647001334DF /* Sepia_petTests.swift */; };
		0474D32129BB7647001334DF /* Sepia_petUITests.swift in Sources */ = {isa = PBXBuildFile; fileRef = 0474D32029BB7647001334DF /* Sepia_petUITests.swift */; };
		0474D32329BB7647001334DF /* Sepia_petUITestsLaunchTests.swift in Sources */ = {isa = PBXBuildFile; fileRef = 0474D32229BB7647001334DF /* Sepia_petUITestsLaunchTests.swift */; };
/* End PBXBuildFile section */

/* Begin PBXContainerItemProxy section */
		0474D31329BB7647001334DF /* PBXContainerItemProxy */ = {
			isa = PBXContainerItemProxy;
			containerPortal = 0474D2FA29BB7645001334DF /* Project object */;
			proxyType = 1;
			remoteGlobalIDString = 0474D30129BB7645001334DF;
			remoteInfo = "Sepia pet";
		};
		0474D31D29BB7647001334DF /* PBXContainerItemProxy */ = {
			isa = PBXContainerItemProxy;
			containerPortal = 0474D2FA29BB7645001334DF /* Project object */;
			proxyType = 1;
			remoteGlobalIDString = 0474D30129BB7645001334DF;
			remoteInfo = "Sepia pet";
		};
/* End PBXContainerItemProxy section */

/* Begin PBXFileReference section */
		0474D30229BB7645001334DF /* Sepia pet.app */ = {isa = PBXFileReference; explicitFileType = wrapper.application; includeInIndex = 0; path = "Sepia pet.app"; sourceTree = BUILT_PRODUCTS_DIR; };
		0474D30529BB7645001334DF /* Sepia_petApp.swift */ = {isa = PBXFileReference; lastKnownFileType = sourcecode.swift; path = Sepia_petApp.swift; sourceTree = "<group>"; };
		0474D30729BB7645001334DF /* ContentView.swift */ = {isa = PBXFileReference; lastKnownFileType = sourcecode.swift; path = ContentView.swift; sourceTree = "<group>"; };
		0474D30929BB7647001334DF /* Assets.xcassets */ = {isa = PBXFileReference; lastKnownFileType = folder.assetcatalog; path = Assets.xcassets; sourceTree = "<group>"; };
		0474D30C29BB7647001334DF /* Preview Assets.xcassets */ = {isa = PBXFileReference; lastKnownFileType = folder.assetcatalog; path = "Preview Assets.xcassets"; sourceTree = "<group>"; };
		0474D31229BB7647001334DF /* Sepia petTests.xctest */ = {isa = PBXFileReference; explicitFileType = wrapper.cfbundle; includeInIndex = 0; path = "Sepia petTests.xctest"; sourceTree = BUILT_PRODUCTS_DIR; };
		0474D31629BB7647001334DF /* Sepia_petTests.swift */ = {isa = PBXFileReference; lastKnownFileType = sourcecode.swift; path = Sepia_petTests.swift; sourceTree = "<group>"; };
		0474D31C29BB7647001334DF /* Sepia petUITests.xctest */ = {isa = PBXFileReference; explicitFileType = wrapper.cfbundle; includeInIndex = 0; path = "Sepia petUITests.xctest"; sourceTree = BUILT_PRODUCTS_DIR; };
		0474D32029BB7647001334DF /* Sepia_petUITests.swift */ = {isa = PBXFileReference; lastKnownFileType = sourcecode.swift; path = Sepia_petUITests.swift; sourceTree = "<group>"; };
		0474D32229BB7647001334DF /* Sepia_petUITestsLaunchTests.swift */ = {isa = PBXFileReference; lastKnownFileType = sourcecode.swift; path = Sepia_petUITestsLaunchTests.swift; sourceTree = "<group>"; };
/* End PBXFileReference section */

/* Begin PBXFrameworksBuildPhase section */
		0474D2FF29BB7645001334DF /* Frameworks */ = {
			isa = PBXFrameworksBuildPhase;
			buildActionMask = 2147483647;
			files = (
			);
			runOnlyForDeploymentPostprocessing = 0;
		};
		0474D30F29BB7647001334DF /* Frameworks */ = {
			isa = PBXFrameworksBuildPhase;
			buildActionMask = 2147483647;
			files = (
			);
			runOnlyForDeploymentPostprocessing = 0;
		};
		0474D31929BB7647001334DF /* Frameworks */ = {
			isa = PBXFrameworksBuildPhase;
			buildActionMask = 2147483647;
			files = (
			);
			runOnlyForDeploymentPostprocessing = 0;
		};
/* End PBXFrameworksBuildPhase section */

/* Begin PBXGroup section */
		0474D2F929BB7645001334DF = {
			isa = PBXGroup;
			children = (
				0474D30429BB7645001334DF /* Sepia pet */,
				0474D31529BB7647001334DF /* Sepia petTests */,
				0474D31F29BB7647001334DF /* Sepia petUITests */,
				0474D30329BB7645001334DF /* Products */,
			);
			sourceTree = "<group>";
		};
		0474D30329BB7645001334DF /* Products */ = {
			isa = PBXGroup;
			children = (
				0474D30229BB7645001334DF /* Sepia pet.app */,
				0474D31229BB7647001334DF /* Sepia petTests.xctest */,
				0474D31C29BB7647001334DF /* Sepia petUITests.xctest */,
			);
			name = Products;
			sourceTree = "<group>";
		};
		0474D30429BB7645001334DF /* Sepia pet */ = {
			isa = PBXGroup;
			children = (
				0474D30529BB7645001334DF /* Sepia_petApp.swift */,
				0474D30729BB7645001334DF /* ContentView.swift */,
				0474D30929BB7647001334DF /* Assets.xcassets */,
				0474D30B29BB7647001334DF /* Preview Content */,
			);
			path = "Sepia pet";
			sourceTree = "<group>";
		};
		0474D30B29BB7647001334DF /* Preview Content */ = {
			isa = PBXGroup;
			children = (
				0474D30C29BB7647001334DF /* Preview Assets.xcassets */,
			);
			path = "Preview Content";
			sourceTree = "<group>";
		};
		0474D31529BB7647001334DF /* Sepia petTests */ = {
			isa = PBXGroup;
			children = (
				0474D31629BB7647001334DF /* Sepia_petTests.swift */,
			);
			path = "Sepia petTests";
			sourceTree = "<group>";
		};
		0474D31F29BB7647001334DF /* Sepia petUITests */ = {
			isa = PBXGroup;
			children = (
				0474D32029BB7647001334DF /* Sepia_petUITests.swift */,
				0474D32229BB7647001334DF /* Sepia_petUITestsLaunchTests.swift */,
			);
			path = "Sepia petUITests";
			sourceTree = "<group>";
		};
/* End PBXGroup section */

/* Begin PBXNativeTarget section */
		0474D30129BB7645001334DF /* Sepia pet */ = {
			isa = PBXNativeTarget;
			buildConfigurationList = 0474D32629BB7647001334DF /* Build configuration list for PBXNativeTarget "Sepia pet" */;
			buildPhases = (
				0474D2FE29BB7645001334DF /* Sources */,
				0474D2FF29BB7645001334DF /* Frameworks */,
				0474D30029BB7645001334DF /* Resources */,
			);
			buildRules = (
			);
			dependencies = (
			);
			name = "Sepia pet";
			productName = "Sepia pet";
			productReference = 0474D30229BB7645001334DF /* Sepia pet.app */;
			productType = "com.apple.product-type.application";
		};
		0474D31129BB7647001334DF /* Sepia petTests */ = {
			isa = PBXNativeTarget;
			buildConfigurationList = 0474D32929BB7647001334DF /* Build configuration list for PBXNativeTarget "Sepia petTests" */;
			buildPhases = (
				0474D30E29BB7647001334DF /* Sources */,
				0474D30F29BB7647001334DF /* Frameworks */,
				0474D31029BB7647001334DF /* Resources */,
			);
			buildRules = (
			);
			dependencies = (
				0474D31429BB7647001334DF /* PBXTargetDependency */,
			);
			name = "Sepia petTests";
			productName = "Sepia petTests";
			productReference = 0474D31229BB7647001334DF /* Sepia petTests.xctest */;
			productType = "com.apple.product-type.bundle.unit-test";
		};
		0474D31B29BB7647001334DF /* Sepia petUITests */ = {
			isa = PBXNativeTarget;
			buildConfigurationList = 0474D32C29BB7647001334DF /* Build configuration list for PBXNativeTarget "Sepia petUITests" */;
			buildPhases = (
				0474D31829BB7647001334DF /* Sources */,
				0474D31929BB7647001334DF /* Frameworks */,
				0474D31A29BB7647001334DF /* Resources */,
			);
			buildRules = (
			);
			dependencies = (
				0474D31E29BB7647001334DF /* PBXTargetDependency */,
			);
			name = "Sepia petUITests";
			productName = "Sepia petUITests";
			productReference = 0474D31C29BB7647001334DF /* Sepia petUITests.xctest */;
			productType = "com.apple.product-type.bundle.ui-testing";
		};
/* End PBXNativeTarget section */

/* Begin PBXProject section */
		0474D2FA29BB7645001334DF /* Project object */ = {
			isa = PBXProject;
			attributes = {
				BuildIndependentTargetsInParallel = 1;
				LastSwiftUpdateCheck = 1320;
				LastUpgradeCheck = 1320;
				TargetAttributes = {
					0474D30129BB7645001334DF = {
						CreatedOnToolsVersion = 13.2.1;
					};
					0474D31129BB7647001334DF = {
						CreatedOnToolsVersion = 13.2.1;
						TestTargetID = 0474D30129BB7645001334DF;
					};
					0474D31B29BB7647001334DF = {
						CreatedOnToolsVersion = 13.2.1;
						TestTargetID = 0474D30129BB7645001334DF;
					};
				};
			};
			buildConfigurationList = 0474D2FD29BB7645001334DF /* Build configuration list for PBXProject "Sepia pet" */;
			compatibilityVersion = "Xcode 13.0";
			developmentRegion = en;
			hasScannedForEncodings = 0;
			knownRegions = (
				en,
				Base,
			);
			mainGroup = 0474D2F929BB7645001334DF;
			productRefGroup = 0474D30329BB7645001334DF /* Products */;
			projectDirPath = "";
			projectRoot = "";
			targets = (
				0474D30129BB7645001334DF /* Sepia pet */,
				0474D31129BB7647001334DF /* Sepia petTests */,
				0474D31B29BB7647001334DF /* Sepia petUITests */,
			);
		};
/* End PBXProject section */

/* Begin PBXResourcesBuildPhase section */
		0474D30029BB7645001334DF /* Resources */ = {
			isa = PBXResourcesBuildPhase;
			buildActionMask = 2147483647;
			files = (
				0474D30D29BB7647001334DF /* Preview Assets.xcassets in Resources */,
				0474D30A29BB7647001334DF /* Assets.xcassets in Resources */,
			);
			runOnlyForDeploymentPostprocessing = 0;
		};
		0474D31029BB7647001334DF /* Resources */ = {
			isa = PBXResourcesBuildPhase;
			buildActionMask = 2147483647;
			files = (
			);
			runOnlyForDeploymentPostprocessing = 0;
		};
		0474D31A29BB7647001334DF /* Resources */ = {
			isa = PBXResourcesBuildPhase;
			buildActionMask = 2147483647;
			files = (
			);
			runOnlyForDeploymentPostprocessing = 0;
		};
/* End PBXResourcesBuildPhase section */

/* Begin PBXSourcesBuildPhase section */
		0474D2FE29BB7645001334DF /* Sources */ = {
			isa = PBXSourcesBuildPhase;
			buildActionMask = 2147483647;
			files = (
				0474D30829BB7645001334DF /* ContentView.swift in Sources */,
				0474D30629BB7645001334DF /* Sepia_petApp.swift in Sources */,
			);
			runOnlyForDeploymentPostprocessing = 0;
		};
		0474D30E29BB7647001334DF /* Sources */ = {
			isa = PBXSourcesBuildPhase;
			buildActionMask = 2147483647;
			files = (
				0474D31729BB7647001334DF /* Sepia_petTests.swift in Sources */,
			);
			runOnlyForDeploymentPostprocessing = 0;
		};
		0474D31829BB7647001334DF /* Sources */ = {
			isa = PBXSourcesBuildPhase;
			buildActionMask = 2147483647;
			files = (
				0474D32129BB7647001334DF /* Sepia_petUITests.swift in Sources */,
				0474D32329BB7647001334DF /* Sepia_petUITestsLaunchTests.swift in Sources */,
			);
			runOnlyForDeploymentPostprocessing = 0;
		};
/* End PBXSourcesBuildPhase section */

/* Begin PBXTargetDependency section */
		0474D31429BB7647001334DF /* PBXTargetDependency */ = {
			isa = PBXTargetDependency;
			target = 0474D30129BB7645001334DF /* Sepia pet */;
			targetProxy = 0474D31329BB7647001334DF /* PBXContainerItemProxy */;
		};
		0474D31E29BB7647001334DF /* PBXTargetDependency */ = {
			isa = PBXTargetDependency;
			target = 0474D30129BB7645001334DF /* Sepia pet */;
			targetProxy = 0474D31D29BB7647001334DF /* PBXContainerItemProxy */;
		};
/* End PBXTargetDependency section */

/* Begin XCBuildConfiguration section */
		0474D32429BB7647001334DF /* Debug */ = {
			isa = XCBuildConfiguration;
			buildSettings = {
				ALWAYS_SEARCH_USER_PATHS = NO;
				CLANG_ANALYZER_NONNULL = YES;
				CLANG_ANALYZER_NUMBER_OBJECT_CONVERSION = YES_AGGRESSIVE;
				CLANG_CXX_LANGUAGE_STANDARD = "gnu++17";
				CLANG_CXX_LIBRARY = "libc++";
				CLANG_ENABLE_MODULES = YES;
				CLANG_ENABLE_OBJC_ARC = YES;
				CLANG_ENABLE_OBJC_WEAK = YES;
				CLANG_WARN_BLOCK_CAPTURE_AUTORELEASING = YES;
				CLANG_WARN_BOOL_CONVERSION = YES;
				CLANG_WARN_COMMA = YES;
				CLANG_WARN_CONSTANT_CONVERSION = YES;
				CLANG_WARN_DEPRECATED_OBJC_IMPLEMENTATIONS = YES;
				CLANG_WARN_DIRECT_OBJC_ISA_USAGE = YES_ERROR;
				CLANG_WARN_DOCUMENTATION_COMMENTS = YES;
				CLANG_WARN_EMPTY_BODY = YES;
				CLANG_WARN_ENUM_CONVERSION = YES;
				CLANG_WARN_INFINITE_RECURSION = YES;
				CLANG_WARN_INT_CONVERSION = YES;
				CLANG_WARN_NON_LITERAL_NULL_CONVERSION = YES;
				CLANG_WARN_OBJC_IMPLICIT_RETAIN_SELF = YES;
				CLANG_WARN_OBJC_LITERAL_CONVERSION = YES;
				CLANG_WARN_OBJC_ROOT_CLASS = YES_ERROR;
				CLANG_WARN_QUOTED_INCLUDE_IN_FRAMEWORK_HEADER = YES;
				CLANG_WARN_RANGE_LOOP_ANALYSIS = YES;
				CLANG_WARN_STRICT_PROTOTYPES = YES;
				CLANG_WARN_SUSPICIOUS_MOVE = YES;
				CLANG_WARN_UNGUARDED_AVAILABILITY = YES_AGGRESSIVE;
				CLANG_WARN_UNREACHABLE_CODE = YES;
				CLANG_WARN__DUPLICATE_METHOD_MATCH = YES;
				COPY_PHASE_STRIP = NO;
				DEBUG_INFORMATION_FORMAT = dwarf;
				ENABLE_STRICT_OBJC_MSGSEND = YES;
				ENABLE_TESTABILITY = YES;
				GCC_C_LANGUAGE_STANDARD = gnu11;
				GCC_DYNAMIC_NO_PIC = NO;
				GCC_NO_COMMON_BLOCKS = YES;
				GCC_OPTIMIZATION_LEVEL = 0;
				GCC_PREPROCESSOR_DEFINITIONS = (
					"DEBUG=1",
					"$(inherited)",
				);
				GCC_WARN_64_TO_32_BIT_CONVERSION = YES;
				GCC_WARN_ABOUT_RETURN_TYPE = YES_ERROR;
				GCC_WARN_UNDECLARED_SELECTOR = YES;
				GCC_WARN_UNINITIALIZED_AUTOS = YES_AGGRESSIVE;
				GCC_WARN_UNUSED_FUNCTION = YES;
				GCC_WARN_UNUSED_VARIABLE = YES;
				IPHONEOS_DEPLOYMENT_TARGET = 15.2;
				MTL_ENABLE_DEBUG_INFO = INCLUDE_SOURCE;
				MTL_FAST_MATH = YES;
				ONLY_ACTIVE_ARCH = YES;
				SDKROOT = iphoneos;
				SWIFT_ACTIVE_COMPILATION_CONDITIONS = DEBUG;
				SWIFT_OPTIMIZATION_LEVEL = "-Onone";
			};
			name = Debug;
		};
		0474D32529BB7647001334DF /* Release */ = {
			isa = XCBuildConfiguration;
			buildSettings = {
				ALWAYS_SEARCH_USER_PATHS = NO;
				CLANG_ANALYZER_NONNULL = YES;
				CLANG_ANALYZER_NUMBER_OBJECT_CONVERSION = YES_AGGRESSIVE;
				CLANG_CXX_LANGUAGE_STANDARD = "gnu++17";
				CLANG_CXX_LIBRARY = "libc++";
				CLANG_ENABLE_MODULES = YES;
				CLANG_ENABLE_OBJC_ARC = YES;
				CLANG_ENABLE_OBJC_WEAK = YES;
				CLANG_WARN_BLOCK_CAPTURE_AUTORELEASING = YES;
				CLANG_WARN_BOOL_CONVERSION = YES;
				CLANG_WARN_COMMA = YES;
				CLANG_WARN_CONSTANT_CONVERSION = YES;
				CLANG_WARN_DEPRECATED_OBJC_IMPLEMENTATIONS = YES;
				CLANG_WARN_DIRECT_OBJC_ISA_USAGE = YES_ERROR;
				CLANG_WARN_DOCUMENTATION_COMMENTS = YES;
				CLANG_WARN_EMPTY_BODY = YES;
				CLANG_WARN_ENUM_CONVERSION = YES;
				CLANG_WARN_INFINITE_RECURSION = YES;
				CLANG_WARN_INT_CONVERSION = YES;
				CLANG_WARN_NON_LITERAL_NULL_CONVERSION = YES;
				CLANG_WARN_OBJC_IMPLICIT_RETAIN_SELF = YES;
				CLANG_WARN_OBJC_LITERAL_CONVERSION = YES;
				CLANG_WARN_OBJC_ROOT_CLASS = YES_ERROR;
				CLANG_WARN_QUOTED_INCLUDE_IN_FRAMEWORK_HEADER = YES;
				CLANG_WARN_RANGE_LOOP_ANALYSIS = YES;
				CLANG_WARN_STRICT_PROTOTYPES = YES;
				CLANG_WARN_SUSPICIOUS_MOVE = YES;
				CLANG_WARN_UNGUARDED_AVAILABILITY = YES_AGGRESSIVE;
				CLANG_WARN_UNREACHABLE_CODE = YES;
				CLANG_WARN__DUPLICATE_METHOD_MATCH = YES;
				COPY_PHASE_STRIP = NO;
				DEBUG_INFORMATION_FORMAT = "dwarf-with-dsym";
				ENABLE_NS_ASSERTIONS = NO;
				ENABLE_STRICT_OBJC_MSGSEND = YES;
				GCC_C_LANGUAGE_STANDARD = gnu11;
				GCC_NO_COMMON_BLOCKS = YES;
				GCC_WARN_64_TO_32_BIT_CONVERSION = YES;
				GCC_WARN_ABOUT_RETURN_TYPE = YES_ERROR;
				GCC_WARN_UNDECLARED_SELECTOR = YES;
				GCC_WARN_UNINITIALIZED_AUTOS = YES_AGGRESSIVE;
				GCC_WARN_UNUSED_FUNCTION = YES;
				GCC_WARN_UNUSED_VARIABLE = YES;
				IPHONEOS_DEPLOYMENT_TARGET = 15.2;
				MTL_ENABLE_DEBUG_INFO = NO;
				MTL_FAST_MATH = YES;
				SDKROOT = iphoneos;
				SWIFT_COMPILATION_MODE = wholemodule;
				SWIFT_OPTIMIZATION_LEVEL = "-O";
				VALIDATE_PRODUCT = YES;
			};
			name = Release;
		};
		0474D32729BB7647001334DF /* Debug */ = {
			isa = XCBuildConfiguration;
			buildSettings = {
				ASSETCATALOG_COMPILER_APPICON_NAME = AppIcon;
				ASSETCATALOG_COMPILER_GLOBAL_ACCENT_COLOR_NAME = AccentColor;
				CODE_SIGN_STYLE = Automatic;
				CURRENT_PROJECT_VERSION = 1;
				DEVELOPMENT_ASSET_PATHS = "\"Sepia pet/Preview Content\"";
				ENABLE_PREVIEWS = YES;
				GENERATE_INFOPLIST_FILE = YES;
				INFOPLIST_KEY_UIApplicationSceneManifest_Generation = YES;
				INFOPLIST_KEY_UIApplicationSupportsIndirectInputEvents = YES;
				INFOPLIST_KEY_UILaunchScreen_Generation = YES;
				INFOPLIST_KEY_UISupportedInterfaceOrientations_iPad = "UIInterfaceOrientationPortrait UIInterfaceOrientationPortraitUpsideDown UIInterfaceOrientationLandscapeLeft UIInterfaceOrientationLandscapeRight";
				INFOPLIST_KEY_UISupportedInterfaceOrientations_iPhone = "UIInterfaceOrientationPortrait UIInterfaceOrientationLandscapeLeft UIInterfaceOrientationLandscapeRight";
				LD_RUNPATH_SEARCH_PATHS = (
					"$(inherited)",
					"@executable_path/Frameworks",
				);
				MARKETING_VERSION = 1.0;
				PRODUCT_BUNDLE_IDENTIFIER = "com.Sepia-pet";
				PRODUCT_NAME = "$(TARGET_NAME)";
				SWIFT_EMIT_LOC_STRINGS = YES;
				SWIFT_VERSION = 5.0;
				TARGETED_DEVICE_FAMILY = "1,2";
			};
			name = Debug;
		};
		0474D32829BB7647001334DF /* Release */ = {
			isa = XCBuildConfiguration;
			buildSettings = {
				ASSETCATALOG_COMPILER_APPICON_NAME = AppIcon;
				ASSETCATALOG_COMPILER_GLOBAL_ACCENT_COLOR_NAME = AccentColor;
				CODE_SIGN_STYLE = Automatic;
				CURRENT_PROJECT_VERSION = 1;
				DEVELOPMENT_ASSET_PATHS = "\"Sepia pet/Preview Content\"";
				ENABLE_PREVIEWS = YES;
				GENERATE_INFOPLIST_FILE = YES;
				INFOPLIST_KEY_UIApplicationSceneManifest_Generation = YES;
				INFOPLIST_KEY_UIApplicationSupportsIndirectInputEvents = YES;
				INFOPLIST_KEY_UILaunchScreen_Generation = YES;
				INFOPLIST_KEY_UISupportedInterfaceOrientations_iPad = "UIInterfaceOrientationPortrait UIInterfaceOrientationPortraitUpsideDown UIInterfaceOrientationLandscapeLeft UIInterfaceOrientationLandscapeRight";
				INFOPLIST_KEY_UISupportedInterfaceOrientations_iPhone = "UIInterfaceOrientationPortrait UIInterfaceOrientationLandscapeLeft UIInterfaceOrientationLandscapeRight";
				LD_RUNPATH_SEARCH_PATHS = (
					"$(inherited)",
					"@executable_path/Frameworks",
				);
				MARKETING_VERSION = 1.0;
				PRODUCT_BUNDLE_IDENTIFIER = "com.Sepia-pet";
				PRODUCT_NAME = "$(TARGET_NAME)";
				SWIFT_EMIT_LOC_STRINGS = YES;
				SWIFT_VERSION = 5.0;
				TARGETED_DEVICE_FAMILY = "1,2";
			};
			name = Release;
		};
		0474D32A29BB7647001334DF /* Debug */ = {
			isa = XCBuildConfiguration;
			buildSettings = {
				ALWAYS_EMBED_SWIFT_STANDARD_LIBRARIES = YES;
				BUNDLE_LOADER = "$(TEST_HOST)";
				CODE_SIGN_STYLE = Automatic;
				CURRENT_PROJECT_VERSION = 1;
				GENERATE_INFOPLIST_FILE = YES;
				IPHONEOS_DEPLOYMENT_TARGET = 15.2;
				MARKETING_VERSION = 1.0;
				PRODUCT_BUNDLE_IDENTIFIER = "com.Sepia-petTests";
				PRODUCT_NAME = "$(TARGET_NAME)";
				SWIFT_EMIT_LOC_STRINGS = NO;
				SWIFT_VERSION = 5.0;
				TARGETED_DEVICE_FAMILY = "1,2";
				TEST_HOST = "$(BUILT_PRODUCTS_DIR)/Sepia pet.app/Sepia pet";
			};
			name = Debug;
		};
		0474D32B29BB7647001334DF /* Release */ = {
			isa = XCBuildConfiguration;
			buildSettings = {
				ALWAYS_EMBED_SWIFT_STANDARD_LIBRARIES = YES;
				BUNDLE_LOADER = "$(TEST_HOST)";
				CODE_SIGN_STYLE = Automatic;
				CURRENT_PROJECT_VERSION = 1;
				GENERATE_INFOPLIST_FILE = YES;
				IPHONEOS_DEPLOYMENT_TARGET = 15.2;
				MARKETING_VERSION = 1.0;
				PRODUCT_BUNDLE_IDENTIFIER = "com.Sepia-petTests";
				PRODUCT_NAME = "$(TARGET_NAME)";
				SWIFT_EMIT_LOC_STRINGS = NO;
				SWIFT_VERSION = 5.0;
				TARGETED_DEVICE_FAMILY = "1,2";
				TEST_HOST = "$(BUILT_PRODUCTS_DIR)/Sepia pet.app/Sepia pet";
			};
			name = Release;
		};
		0474D32D29BB7647001334DF /* Debug */ = {
			isa = XCBuildConfiguration;
			buildSettings = {
				ALWAYS_EMBED_SWIFT_STANDARD_LIBRARIES = YES;
				CODE_SIGN_STYLE = Automatic;
				CURRENT_PROJECT_VERSION = 1;
				GENERATE_INFOPLIST_FILE = YES;
				MARKETING_VERSION = 1.0;
				PRODUCT_BUNDLE_IDENTIFIER = "com.Sepia-petUITests";
				PRODUCT_NAME = "$(TARGET_NAME)";
				SWIFT_EMIT_LOC_STRINGS = NO;
				SWIFT_VERSION = 5.0;
				TARGETED_DEVICE_FAMILY = "1,2";
				TEST_TARGET_NAME = "Sepia pet";
			};
			name = Debug;
		};
		0474D32E29BB7647001334DF /* Release */ = {
			isa = XCBuildConfiguration;
			buildSettings = {
				ALWAYS_EMBED_SWIFT_STANDARD_LIBRARIES = YES;
				CODE_SIGN_STYLE = Automatic;
				CURRENT_PROJECT_VERSION = 1;
				GENERATE_INFOPLIST_FILE = YES;
				MARKETING_VERSION = 1.0;
				PRODUCT_BUNDLE_IDENTIFIER = "com.Sepia-petUITests";
				PRODUCT_NAME = "$(TARGET_NAME)";
				SWIFT_EMIT_LOC_STRINGS = NO;
				SWIFT_VERSION = 5.0;
				TARGETED_DEVICE_FAMILY = "1,2";
				TEST_TARGET_NAME = "Sepia pet";
			};
			name = Release;
		};
/* End XCBuildConfiguration section */

/* Begin XCConfigurationList section */
		0474D2FD29BB7645001334DF /* Build configuration list for PBXProject "Sepia pet" */ = {
			isa = XCConfigurationList;
			buildConfigurations = (
				0474D32429BB7647001334DF /* Debug */,
				0474D32529BB7647001334DF /* Release */,
			);
			defaultConfigurationIsVisible = 0;
			defaultConfigurationName = Release;
		};
		0474D32629BB7647001334DF /* Build configuration list for PBXNativeTarget "Sepia pet" */ = {
			isa = XCConfigurationList;
			buildConfigurations = (
				0474D32729BB7647001334DF /* Debug */,
				0474D32829BB7647001334DF /* Release */,
			);
			defaultConfigurationIsVisible = 0;
			defaultConfigurationName = Release;
		};
		0474D32929BB7647001334DF /* Build configuration list for PBXNativeTarget "Sepia petTests" */ = {
			isa = XCConfigurationList;
			buildConfigurations = (
				0474D32A29BB7647001334DF /* Debug */,
				0474D32B29BB7647001334DF /* Release */,
			);
			defaultConfigurationIsVisible = 0;
			defaultConfigurationName = Release;
		};
		0474D32C29BB7647001334DF /* Build configuration list for PBXNativeTarget "Sepia petUITests" */ = {
			isa = XCConfigurationList;
			buildConfigurations = (
				0474D32D29BB7647001334DF /* Debug */,
				0474D32E29BB7647001334DF /* Release */,
			);
			defaultConfigurationIsVisible = 0;
			defaultConfigurationName = Release;
		};
/* End XCConfigurationList section */
	};
	rootObject = 0474D2FA29BB7645001334DF /* Project object */;
}
